// !$*UTF8*$!
{
	archiveVersion = 1;
	classes = {
	};
	objectVersion = 46;
	objects = {

/* Begin PBXBuildFile section */
		C20D125F1C979C040012EF79 /* KCMethodExchange.m in Sources */ = {isa = PBXBuildFile; fileRef = C20D125E1C979C040012EF79 /* KCMethodExchange.m */; };
		C20D12621C979E5C0012EF79 /* NSArray+Swizzling.m in Sources */ = {isa = PBXBuildFile; fileRef = C20D12611C979E5C0012EF79 /* NSArray+Swizzling.m */; };
		C20D12651C97A49B0012EF79 /* NSMutableArray+Swizzling.m in Sources */ = {isa = PBXBuildFile; fileRef = C20D12641C97A49B0012EF79 /* NSMutableArray+Swizzling.m */; };
		C20D12681C97A4F30012EF79 /* NSObject+Swizzling.m in Sources */ = {isa = PBXBuildFile; fileRef = C20D12671C97A4F30012EF79 /* NSObject+Swizzling.m */; };
		C22B8D8C1C964C8500A4EBD6 /* main.m in Sources */ = {isa = PBXBuildFile; fileRef = C22B8D8B1C964C8500A4EBD6 /* main.m */; };
		C22B8D8F1C964C8600A4EBD6 /* AppDelegate.m in Sources */ = {isa = PBXBuildFile; fileRef = C22B8D8E1C964C8600A4EBD6 /* AppDelegate.m */; };
		C22B8D921C964C8600A4EBD6 /* ViewController.m in Sources */ = {isa = PBXBuildFile; fileRef = C22B8D911C964C8600A4EBD6 /* ViewController.m */; };
		C22B8D951C964C8600A4EBD6 /* Main.storyboard in Resources */ = {isa = PBXBuildFile; fileRef = C22B8D931C964C8600A4EBD6 /* Main.storyboard */; };
		C22B8D971C964C8600A4EBD6 /* Assets.xcassets in Resources */ = {isa = PBXBuildFile; fileRef = C22B8D961C964C8600A4EBD6 /* Assets.xcassets */; };
		C22B8D9A1C964C8600A4EBD6 /* LaunchScreen.storyboard in Resources */ = {isa = PBXBuildFile; fileRef = C22B8D981C964C8600A4EBD6 /* LaunchScreen.storyboard */; };
		C22B8DA51C964C8600A4EBD6 /* ZSRunTimeTests.m in Sources */ = {isa = PBXBuildFile; fileRef = C22B8DA41C964C8600A4EBD6 /* ZSRunTimeTests.m */; };
		C22B8DB01C964C8600A4EBD6 /* ZSRunTimeUITests.m in Sources */ = {isa = PBXBuildFile; fileRef = C22B8DAF1C964C8600A4EBD6 /* ZSRunTimeUITests.m */; };
		C22B8DCC1C96575000A4EBD6 /* ZSMethodLearn.m in Sources */ = {isa = PBXBuildFile; fileRef = C22B8DCB1C96575000A4EBD6 /* ZSMethodLearn.m */; };
		C22B8DCF1C967B4D00A4EBD6 /* ZSProperty.m in Sources */ = {isa = PBXBuildFile; fileRef = C22B8DCE1C967B4D00A4EBD6 /* ZSProperty.m */; };
		C22B8DD21C968F1E00A4EBD6 /* KCCat.m in Sources */ = {isa = PBXBuildFile; fileRef = C22B8DD11C968F1E00A4EBD6 /* KCCat.m */; };
		C22B8DD51C968F3200A4EBD6 /* KCDog.m in Sources */ = {isa = PBXBuildFile; fileRef = C22B8DD41C968F3200A4EBD6 /* KCDog.m */; };
		C22B8DD81C968F4500A4EBD6 /* KCPig.m in Sources */ = {isa = PBXBuildFile; fileRef = C22B8DD71C968F4500A4EBD6 /* KCPig.m */; };
		C22B8DDB1C969F0E00A4EBD6 /* KCMessageSend.m in Sources */ = {isa = PBXBuildFile; fileRef = C22B8DDA1C969F0E00A4EBD6 /* KCMessageSend.m */; };
		C22B8DDF1C96BF1000A4EBD6 /* UIViewController+extension.m in Sources */ = {isa = PBXBuildFile; fileRef = C22B8DDE1C96BF1000A4EBD6 /* UIViewController+extension.m */; };
		C22B8DE21C96BF9100A4EBD6 /* IMPViewVC.m in Sources */ = {isa = PBXBuildFile; fileRef = C22B8DE11C96BF9100A4EBD6 /* IMPViewVC.m */; };
		C22B8DE61C96C7A600A4EBD6 /* KCArchive.m in Sources */ = {isa = PBXBuildFile; fileRef = C22B8DE51C96C7A600A4EBD6 /* KCArchive.m */; };
/* End PBXBuildFile section */

/* Begin PBXContainerItemProxy section */
		C22B8DA11C964C8600A4EBD6 /* PBXContainerItemProxy */ = {
			isa = PBXContainerItemProxy;
			containerPortal = C22B8D7F1C964C8500A4EBD6 /* Project object */;
			proxyType = 1;
			remoteGlobalIDString = C22B8D861C964C8500A4EBD6;
			remoteInfo = ZSRunTime;
		};
		C22B8DAC1C964C8600A4EBD6 /* PBXContainerItemProxy */ = {
			isa = PBXContainerItemProxy;
			containerPortal = C22B8D7F1C964C8500A4EBD6 /* Project object */;
			proxyType = 1;
			remoteGlobalIDString = C22B8D861C964C8500A4EBD6;
			remoteInfo = ZSRunTime;
		};
/* End PBXContainerItemProxy section */

/* Begin PBXFileReference section */
		C20D125D1C979C040012EF79 /* KCMethodExchange.h */ = {isa = PBXFileReference; fileEncoding = 4; lastKnownFileType = sourcecode.c.h; path = KCMethodExchange.h; sourceTree = "<group>"; };
		C20D125E1C979C040012EF79 /* KCMethodExchange.m */ = {isa = PBXFileReference; fileEncoding = 4; lastKnownFileType = sourcecode.c.objc; path = KCMethodExchange.m; sourceTree = "<group>"; };
		C20D12601C979E5C0012EF79 /* NSArray+Swizzling.h */ = {isa = PBXFileReference; fileEncoding = 4; lastKnownFileType = sourcecode.c.h; path = "NSArray+Swizzling.h"; sourceTree = "<group>"; };
		C20D12611C979E5C0012EF79 /* NSArray+Swizzling.m */ = {isa = PBXFileReference; fileEncoding = 4; lastKnownFileType = sourcecode.c.objc; path = "NSArray+Swizzling.m"; sourceTree = "<group>"; };
		C20D12631C97A49B0012EF79 /* NSMutableArray+Swizzling.h */ = {isa = PBXFileReference; fileEncoding = 4; lastKnownFileType = sourcecode.c.h; path = "NSMutableArray+Swizzling.h"; sourceTree = "<group>"; };
		C20D12641C97A49B0012EF79 /* NSMutableArray+Swizzling.m */ = {isa = PBXFileReference; fileEncoding = 4; lastKnownFileType = sourcecode.c.objc; path = "NSMutableArray+Swizzling.m"; sourceTree = "<group>"; };
		C20D12661C97A4F30012EF79 /* NSObject+Swizzling.h */ = {isa = PBXFileReference; fileEncoding = 4; lastKnownFileType = sourcecode.c.h; path = "NSObject+Swizzling.h"; sourceTree = "<group>"; };
		C20D12671C97A4F30012EF79 /* NSObject+Swizzling.m */ = {isa = PBXFileReference; fileEncoding = 4; lastKnownFileType = sourcecode.c.objc; path = "NSObject+Swizzling.m"; sourceTree = "<group>"; };
		C22B8D871C964C8500A4EBD6 /* ZSRunTime.app */ = {isa = PBXFileReference; explicitFileType = wrapper.application; includeInIndex = 0; path = ZSRunTime.app; sourceTree = BUILT_PRODUCTS_DIR; };
		C22B8D8B1C964C8500A4EBD6 /* main.m */ = {isa = PBXFileReference; lastKnownFileType = sourcecode.c.objc; path = main.m; sourceTree = "<group>"; };
		C22B8D8D1C964C8500A4EBD6 /* AppDelegate.h */ = {isa = PBXFileReference; lastKnownFileType = sourcecode.c.h; path = AppDelegate.h; sourceTree = "<group>"; };
		C22B8D8E1C964C8600A4EBD6 /* AppDelegate.m */ = {isa = PBXFileReference; lastKnownFileType = sourcecode.c.objc; path = AppDelegate.m; sourceTree = "<group>"; };
		C22B8D901C964C8600A4EBD6 /* ViewController.h */ = {isa = PBXFileReference; lastKnownFileType = sourcecode.c.h; path = ViewController.h; sourceTree = "<group>"; };
		C22B8D911C964C8600A4EBD6 /* ViewController.m */ = {isa = PBXFileReference; lastKnownFileType = sourcecode.c.objc; path = ViewController.m; sourceTree = "<group>"; };
		C22B8D941C964C8600A4EBD6 /* Base */ = {isa = PBXFileReference; lastKnownFileType = file.storyboard; name = Base; path = Base.lproj/Main.storyboard; sourceTree = "<group>"; };
		C22B8D961C964C8600A4EBD6 /* Assets.xcassets */ = {isa = PBXFileReference; lastKnownFileType = folder.assetcatalog; path = Assets.xcassets; sourceTree = "<group>"; };
		C22B8D991C964C8600A4EBD6 /* Base */ = {isa = PBXFileReference; lastKnownFileType = file.storyboard; name = Base; path = Base.lproj/LaunchScreen.storyboard; sourceTree = "<group>"; };
		C22B8D9B1C964C8600A4EBD6 /* Info.plist */ = {isa = PBXFileReference; lastKnownFileType = text.plist.xml; path = Info.plist; sourceTree = "<group>"; };
		C22B8DA01C964C8600A4EBD6 /* ZSRunTimeTests.xctest */ = {isa = PBXFileReference; explicitFileType = wrapper.cfbundle; includeInIndex = 0; path = ZSRunTimeTests.xctest; sourceTree = BUILT_PRODUCTS_DIR; };
		C22B8DA41C964C8600A4EBD6 /* ZSRunTimeTests.m */ = {isa = PBXFileReference; lastKnownFileType = sourcecode.c.objc; path = ZSRunTimeTests.m; sourceTree = "<group>"; };
		C22B8DA61C964C8600A4EBD6 /* Info.plist */ = {isa = PBXFileReference; lastKnownFileType = text.plist.xml; path = Info.plist; sourceTree = "<group>"; };
		C22B8DAB1C964C8600A4EBD6 /* ZSRunTimeUITests.xctest */ = {isa = PBXFileReference; explicitFileType = wrapper.cfbundle; includeInIndex = 0; path = ZSRunTimeUITests.xctest; sourceTree = BUILT_PRODUCTS_DIR; };
		C22B8DAF1C964C8600A4EBD6 /* ZSRunTimeUITests.m */ = {isa = PBXFileReference; lastKnownFileType = sourcecode.c.objc; path = ZSRunTimeUITests.m; sourceTree = "<group>"; };
		C22B8DB11C964C8600A4EBD6 /* Info.plist */ = {isa = PBXFileReference; lastKnownFileType = text.plist.xml; path = Info.plist; sourceTree = "<group>"; };
		C22B8DCA1C96575000A4EBD6 /* ZSMethodLearn.h */ = {isa = PBXFileReference; fileEncoding = 4; lastKnownFileType = sourcecode.c.h; path = ZSMethodLearn.h; sourceTree = "<group>"; };
		C22B8DCB1C96575000A4EBD6 /* ZSMethodLearn.m */ = {isa = PBXFileReference; fileEncoding = 4; lastKnownFileType = sourcecode.c.objc; path = ZSMethodLearn.m; sourceTree = "<group>"; };
		C22B8DCD1C967B4D00A4EBD6 /* ZSProperty.h */ = {isa = PBXFileReference; fileEncoding = 4; lastKnownFileType = sourcecode.c.h; path = ZSProperty.h; sourceTree = "<group>"; };
		C22B8DCE1C967B4D00A4EBD6 /* ZSProperty.m */ = {isa = PBXFileReference; fileEncoding = 4; lastKnownFileType = sourcecode.c.objc; path = ZSProperty.m; sourceTree = "<group>"; };
		C22B8DD01C968F1E00A4EBD6 /* KCCat.h */ = {isa = PBXFileReference; fileEncoding = 4; lastKnownFileType = sourcecode.c.h; path = KCCat.h; sourceTree = "<group>"; };
		C22B8DD11C968F1E00A4EBD6 /* KCCat.m */ = {isa = PBXFileReference; fileEncoding = 4; lastKnownFileType = sourcecode.c.objc; path = KCCat.m; sourceTree = "<group>"; };
		C22B8DD31C968F3200A4EBD6 /* KCDog.h */ = {isa = PBXFileReference; fileEncoding = 4; lastKnownFileType = sourcecode.c.h; path = KCDog.h; sourceTree = "<group>"; };
		C22B8DD41C968F3200A4EBD6 /* KCDog.m */ = {isa = PBXFileReference; fileEncoding = 4; lastKnownFileType = sourcecode.c.objc; path = KCDog.m; sourceTree = "<group>"; };
		C22B8DD61C968F4500A4EBD6 /* KCPig.h */ = {isa = PBXFileReference; fileEncoding = 4; lastKnownFileType = sourcecode.c.h; path = KCPig.h; sourceTree = "<group>"; };
		C22B8DD71C968F4500A4EBD6 /* KCPig.m */ = {isa = PBXFileReference; fileEncoding = 4; lastKnownFileType = sourcecode.c.objc; path = KCPig.m; sourceTree = "<group>"; };
		C22B8DD91C969F0E00A4EBD6 /* KCMessageSend.h */ = {isa = PBXFileReference; fileEncoding = 4; lastKnownFileType = sourcecode.c.h; path = KCMessageSend.h; sourceTree = "<group>"; };
		C22B8DDA1C969F0E00A4EBD6 /* KCMessageSend.m */ = {isa = PBXFileReference; fileEncoding = 4; lastKnownFileType = sourcecode.c.objc; path = KCMessageSend.m; sourceTree = "<group>"; };
		C22B8DDD1C96BF1000A4EBD6 /* UIViewController+extension.h */ = {isa = PBXFileReference; fileEncoding = 4; lastKnownFileType = sourcecode.c.h; path = "UIViewController+extension.h"; sourceTree = "<group>"; };
		C22B8DDE1C96BF1000A4EBD6 /* UIViewController+extension.m */ = {isa = PBXFileReference; fileEncoding = 4; lastKnownFileType = sourcecode.c.objc; path = "UIViewController+extension.m"; sourceTree = "<group>"; };
		C22B8DE01C96BF9100A4EBD6 /* IMPViewVC.h */ = {isa = PBXFileReference; fileEncoding = 4; lastKnownFileType = sourcecode.c.h; path = IMPViewVC.h; sourceTree = "<group>"; };
		C22B8DE11C96BF9100A4EBD6 /* IMPViewVC.m */ = {isa = PBXFileReference; fileEncoding = 4; lastKnownFileType = sourcecode.c.objc; path = IMPViewVC.m; sourceTree = "<group>"; };
		C22B8DE41C96C7A600A4EBD6 /* KCArchive.h */ = {isa = PBXFileReference; fileEncoding = 4; lastKnownFileType = sourcecode.c.h; path = KCArchive.h; sourceTree = "<group>"; };
		C22B8DE51C96C7A600A4EBD6 /* KCArchive.m */ = {isa = PBXFileReference; fileEncoding = 4; lastKnownFileType = sourcecode.c.objc; path = KCArchive.m; sourceTree = "<group>"; };
/* End PBXFileReference section */

/* Begin PBXFrameworksBuildPhase section */
		C22B8D841C964C8500A4EBD6 /* Frameworks */ = {
			isa = PBXFrameworksBuildPhase;
			buildActionMask = 2147483647;
			files = (
			);
			runOnlyForDeploymentPostprocessing = 0;
		};
		C22B8D9D1C964C8600A4EBD6 /* Frameworks */ = {
			isa = PBXFrameworksBuildPhase;
			buildActionMask = 2147483647;
			files = (
			);
			runOnlyForDeploymentPostprocessing = 0;
		};
		C22B8DA81C964C8600A4EBD6 /* Frameworks */ = {
			isa = PBXFrameworksBuildPhase;
			buildActionMask = 2147483647;
			files = (
			);
			runOnlyForDeploymentPostprocessing = 0;
		};
/* End PBXFrameworksBuildPhase section */

/* Begin PBXGroup section */
		C22B8D7E1C964C8500A4EBD6 = {
			isa = PBXGroup;
			children = (
				C22B8D891C964C8500A4EBD6 /* ZSRunTime */,
				C22B8DA31C964C8600A4EBD6 /* ZSRunTimeTests */,
				C22B8DAE1C964C8600A4EBD6 /* ZSRunTimeUITests */,
				C22B8D881C964C8500A4EBD6 /* Products */,
			);
			sourceTree = "<group>";
		};
		C22B8D881C964C8500A4EBD6 /* Products */ = {
			isa = PBXGroup;
			children = (
				C22B8D871C964C8500A4EBD6 /* ZSRunTime.app */,
				C22B8DA01C964C8600A4EBD6 /* ZSRunTimeTests.xctest */,
				C22B8DAB1C964C8600A4EBD6 /* ZSRunTimeUITests.xctest */,
			);
			name = Products;
			sourceTree = "<group>";
		};
		C22B8D891C964C8500A4EBD6 /* ZSRunTime */ = {
			isa = PBXGroup;
			children = (
				C22B8DE31C96C78000A4EBD6 /* Archive */,
				C22B8DDC1C96BEF900A4EBD6 /* IMP */,
				C22B8DC21C96520800A4EBD6 /* ForwardMessage */,
				C22B8DC31C96520800A4EBD6 /* Message */,
				C22B8DC41C96520800A4EBD6 /* Method */,
				C22B8DC51C96520800A4EBD6 /* MethodExchange */,
				C22B8DC61C96520800A4EBD6 /* Property */,
				C22B8D8D1C964C8500A4EBD6 /* AppDelegate.h */,
				C22B8D8E1C964C8600A4EBD6 /* AppDelegate.m */,
				C22B8D901C964C8600A4EBD6 /* ViewController.h */,
				C22B8D911C964C8600A4EBD6 /* ViewController.m */,
				C22B8D931C964C8600A4EBD6 /* Main.storyboard */,
				C22B8D961C964C8600A4EBD6 /* Assets.xcassets */,
				C22B8D981C964C8600A4EBD6 /* LaunchScreen.storyboard */,
				C22B8D9B1C964C8600A4EBD6 /* Info.plist */,
				C22B8D8A1C964C8500A4EBD6 /* Supporting Files */,
				C22B8DE01C96BF9100A4EBD6 /* IMPViewVC.h */,
				C22B8DE11C96BF9100A4EBD6 /* IMPViewVC.m */,
			);
			path = ZSRunTime;
			sourceTree = "<group>";
		};
		C22B8D8A1C964C8500A4EBD6 /* Supporting Files */ = {
			isa = PBXGroup;
			children = (
				C22B8D8B1C964C8500A4EBD6 /* main.m */,
			);
			name = "Supporting Files";
			sourceTree = "<group>";
		};
		C22B8DA31C964C8600A4EBD6 /* ZSRunTimeTests */ = {
			isa = PBXGroup;
			children = (
				C22B8DA41C964C8600A4EBD6 /* ZSRunTimeTests.m */,
				C22B8DA61C964C8600A4EBD6 /* Info.plist */,
			);
			path = ZSRunTimeTests;
			sourceTree = "<group>";
		};
		C22B8DAE1C964C8600A4EBD6 /* ZSRunTimeUITests */ = {
			isa = PBXGroup;
			children = (
				C22B8DAF1C964C8600A4EBD6 /* ZSRunTimeUITests.m */,
				C22B8DB11C964C8600A4EBD6 /* Info.plist */,
			);
			path = ZSRunTimeUITests;
			sourceTree = "<group>";
		};
		C22B8DC21C96520800A4EBD6 /* ForwardMessage */ = {
			isa = PBXGroup;
			children = (
				C22B8DD01C968F1E00A4EBD6 /* KCCat.h */,
				C22B8DD11C968F1E00A4EBD6 /* KCCat.m */,
				C22B8DD31C968F3200A4EBD6 /* KCDog.h */,
				C22B8DD41C968F3200A4EBD6 /* KCDog.m */,
				C22B8DD61C968F4500A4EBD6 /* KCPig.h */,
				C22B8DD71C968F4500A4EBD6 /* KCPig.m */,
			);
			path = ForwardMessage;
			sourceTree = "<group>";
		};
		C22B8DC31C96520800A4EBD6 /* Message */ = {
			isa = PBXGroup;
			children = (
				C22B8DD91C969F0E00A4EBD6 /* KCMessageSend.h */,
				C22B8DDA1C969F0E00A4EBD6 /* KCMessageSend.m */,
			);
			name = Message;
			path = Messageg;
			sourceTree = "<group>";
		};
		C22B8DC41C96520800A4EBD6 /* Method */ = {
			isa = PBXGroup;
			children = (
				C22B8DCA1C96575000A4EBD6 /* ZSMethodLearn.h */,
				C22B8DCB1C96575000A4EBD6 /* ZSMethodLearn.m */,
			);
			path = Method;
			sourceTree = "<group>";
		};
		C22B8DC51C96520800A4EBD6 /* MethodExchange */ = {
			isa = PBXGroup;
			children = (
				C20D125D1C979C040012EF79 /* KCMethodExchange.h */,
				C20D125E1C979C040012EF79 /* KCMethodExchange.m */,
				C20D12601C979E5C0012EF79 /* NSArray+Swizzling.h */,
				C20D12611C979E5C0012EF79 /* NSArray+Swizzling.m */,
				C20D12631C97A49B0012EF79 /* NSMutableArray+Swizzling.h */,
				C20D12641C97A49B0012EF79 /* NSMutableArray+Swizzling.m */,
				C20D12661C97A4F30012EF79 /* NSObject+Swizzling.h */,
				C20D12671C97A4F30012EF79 /* NSObject+Swizzling.m */,
			);
			path = MethodExchange;
			sourceTree = "<group>";
		};
		C22B8DC61C96520800A4EBD6 /* Property */ = {
			isa = PBXGroup;
			children = (
				C22B8DCD1C967B4D00A4EBD6 /* ZSProperty.h */,
				C22B8DCE1C967B4D00A4EBD6 /* ZSProperty.m */,
			);
			path = Property;
			sourceTree = "<group>";
		};
		C22B8DDC1C96BEF900A4EBD6 /* IMP */ = {
			isa = PBXGroup;
			children = (
				C22B8DDD1C96BF1000A4EBD6 /* UIViewController+extension.h */,
				C22B8DDE1C96BF1000A4EBD6 /* UIViewController+extension.m */,
			);
			path = IMP;
			sourceTree = "<group>";
		};
		C22B8DE31C96C78000A4EBD6 /* Archive */ = {
			isa = PBXGroup;
			children = (
				C22B8DE41C96C7A600A4EBD6 /* KCArchive.h */,
				C22B8DE51C96C7A600A4EBD6 /* KCArchive.m */,
			);
			path = Archive;
			sourceTree = "<group>";
		};
/* End PBXGroup section */

/* Begin PBXNativeTarget section */
		C22B8D861C964C8500A4EBD6 /* ZSRunTime */ = {
			isa = PBXNativeTarget;
			buildConfigurationList = C22B8DB41C964C8600A4EBD6 /* Build configuration list for PBXNativeTarget "ZSRunTime" */;
			buildPhases = (
				C22B8D831C964C8500A4EBD6 /* Sources */,
				C22B8D841C964C8500A4EBD6 /* Frameworks */,
				C22B8D851C964C8500A4EBD6 /* Resources */,
			);
			buildRules = (
			);
			dependencies = (
			);
			name = ZSRunTime;
			productName = ZSRunTime;
			productReference = C22B8D871C964C8500A4EBD6 /* ZSRunTime.app */;
			productType = "com.apple.product-type.application";
		};
		C22B8D9F1C964C8600A4EBD6 /* ZSRunTimeTests */ = {
			isa = PBXNativeTarget;
			buildConfigurationList = C22B8DB71C964C8600A4EBD6 /* Build configuration list for PBXNativeTarget "ZSRunTimeTests" */;
			buildPhases = (
				C22B8D9C1C964C8600A4EBD6 /* Sources */,
				C22B8D9D1C964C8600A4EBD6 /* Frameworks */,
				C22B8D9E1C964C8600A4EBD6 /* Resources */,
			);
			buildRules = (
			);
			dependencies = (
				C22B8DA21C964C8600A4EBD6 /* PBXTargetDependency */,
			);
			name = ZSRunTimeTests;
			productName = ZSRunTimeTests;
			productReference = C22B8DA01C964C8600A4EBD6 /* ZSRunTimeTests.xctest */;
			productType = "com.apple.product-type.bundle.unit-test";
		};
		C22B8DAA1C964C8600A4EBD6 /* ZSRunTimeUITests */ = {
			isa = PBXNativeTarget;
			buildConfigurationList = C22B8DBA1C964C8600A4EBD6 /* Build configuration list for PBXNativeTarget "ZSRunTimeUITests" */;
			buildPhases = (
				C22B8DA71C964C8600A4EBD6 /* Sources */,
				C22B8DA81C964C8600A4EBD6 /* Frameworks */,
				C22B8DA91C964C8600A4EBD6 /* Resources */,
			);
			buildRules = (
			);
			dependencies = (
				C22B8DAD1C964C8600A4EBD6 /* PBXTargetDependency */,
			);
			name = ZSRunTimeUITests;
			productName = ZSRunTimeUITests;
			productReference = C22B8DAB1C964C8600A4EBD6 /* ZSRunTimeUITests.xctest */;
			productType = "com.apple.product-type.bundle.ui-testing";
		};
/* End PBXNativeTarget section */

/* Begin PBXProject section */
		C22B8D7F1C964C8500A4EBD6 /* Project object */ = {
			isa = PBXProject;
			attributes = {
				LastUpgradeCheck = 0720;
				ORGANIZATIONNAME = "shuai zhang";
				TargetAttributes = {
					C22B8D861C964C8500A4EBD6 = {
						CreatedOnToolsVersion = 7.2;
					};
					C22B8D9F1C964C8600A4EBD6 = {
						CreatedOnToolsVersion = 7.2;
						TestTargetID = C22B8D861C964C8500A4EBD6;
					};
					C22B8DAA1C964C8600A4EBD6 = {
						CreatedOnToolsVersion = 7.2;
						TestTargetID = C22B8D861C964C8500A4EBD6;
					};
				};
			};
			buildConfigurationList = C22B8D821C964C8500A4EBD6 /* Build configuration list for PBXProject "ZSRunTime" */;
			compatibilityVersion = "Xcode 3.2";
			developmentRegion = English;
			hasScannedForEncodings = 0;
			knownRegions = (
				en,
				Base,
			);
			mainGroup = C22B8D7E1C964C8500A4EBD6;
			productRefGroup = C22B8D881C964C8500A4EBD6 /* Products */;
			projectDirPath = "";
			projectRoot = "";
			targets = (
				C22B8D861C964C8500A4EBD6 /* ZSRunTime */,
				C22B8D9F1C964C8600A4EBD6 /* ZSRunTimeTests */,
				C22B8DAA1C964C8600A4EBD6 /* ZSRunTimeUITests */,
			);
		};
/* End PBXProject section */

/* Begin PBXResourcesBuildPhase section */
		C22B8D851C964C8500A4EBD6 /* Resources */ = {
			isa = PBXResourcesBuildPhase;
			buildActionMask = 2147483647;
			files = (
				C22B8D9A1C964C8600A4EBD6 /* LaunchScreen.storyboard in Resources */,
				C22B8D971C964C8600A4EBD6 /* Assets.xcassets in Resources */,
				C22B8D951C964C8600A4EBD6 /* Main.storyboard in Resources */,
			);
			runOnlyForDeploymentPostprocessing = 0;
		};
		C22B8D9E1C964C8600A4EBD6 /* Resources */ = {
			isa = PBXResourcesBuildPhase;
			buildActionMask = 2147483647;
			files = (
			);
			runOnlyForDeploymentPostprocessing = 0;
		};
		C22B8DA91C964C8600A4EBD6 /* Resources */ = {
			isa = PBXResourcesBuildPhase;
			buildActionMask = 2147483647;
			files = (
			);
			runOnlyForDeploymentPostprocessing = 0;
		};
/* End PBXResourcesBuildPhase section */

/* Begin PBXSourcesBuildPhase section */
		C22B8D831C964C8500A4EBD6 /* Sources */ = {
			isa = PBXSourcesBuildPhase;
			buildActionMask = 2147483647;
			files = (
				C22B8DD81C968F4500A4EBD6 /* KCPig.m in Sources */,
				C22B8DE21C96BF9100A4EBD6 /* IMPViewVC.m in Sources */,
				C20D125F1C979C040012EF79 /* KCMethodExchange.m in Sources */,
				C20D12681C97A4F30012EF79 /* NSObject+Swizzling.m in Sources */,
				C22B8DD21C968F1E00A4EBD6 /* KCCat.m in Sources */,
				C22B8DDF1C96BF1000A4EBD6 /* UIViewController+extension.m in Sources */,
				C22B8D921C964C8600A4EBD6 /* ViewController.m in Sources */,
				C22B8D8F1C964C8600A4EBD6 /* AppDelegate.m in Sources */,
				C22B8DDB1C969F0E00A4EBD6 /* KCMessageSend.m in Sources */,
				C20D12621C979E5C0012EF79 /* NSArray+Swizzling.m in Sources */,
				C22B8DCC1C96575000A4EBD6 /* ZSMethodLearn.m in Sources */,
				C22B8DCF1C967B4D00A4EBD6 /* ZSProperty.m in Sources */,
				C22B8D8C1C964C8500A4EBD6 /* main.m in Sources */,
				C22B8DE61C96C7A600A4EBD6 /* KCArchive.m in Sources */,
				C22B8DD51C968F3200A4EBD6 /* KCDog.m in Sources */,
				C20D12651C97A49B0012EF79 /* NSMutableArray+Swizzling.m in Sources */,
			);
			runOnlyForDeploymentPostprocessing = 0;
		};
		C22B8D9C1C964C8600A4EBD6 /* Sources */ = {
			isa = PBXSourcesBuildPhase;
			buildActionMask = 2147483647;
			files = (
				C22B8DA51C964C8600A4EBD6 /* ZSRunTimeTests.m in Sources */,
			);
			runOnlyForDeploymentPostprocessing = 0;
		};
		C22B8DA71C964C8600A4EBD6 /* Sources */ = {
			isa = PBXSourcesBuildPhase;
			buildActionMask = 2147483647;
			files = (
				C22B8DB01C964C8600A4EBD6 /* ZSRunTimeUITests.m in Sources */,
			);
			runOnlyForDeploymentPostprocessing = 0;
		};
/* End PBXSourcesBuildPhase section */

/* Begin PBXTargetDependency section */
		C22B8DA21C964C8600A4EBD6 /* PBXTargetDependency */ = {
			isa = PBXTargetDependency;
			target = C22B8D861C964C8500A4EBD6 /* ZSRunTime */;
			targetProxy = C22B8DA11C964C8600A4EBD6 /* PBXContainerItemProxy */;
		};
		C22B8DAD1C964C8600A4EBD6 /* PBXTargetDependency */ = {
			isa = PBXTargetDependency;
			target = C22B8D861C964C8500A4EBD6 /* ZSRunTime */;
			targetProxy = C22B8DAC1C964C8600A4EBD6 /* PBXContainerItemProxy */;
		};
/* End PBXTargetDependency section */

/* Begin PBXVariantGroup section */
		C22B8D931C964C8600A4EBD6 /* Main.storyboard */ = {
			isa = PBXVariantGroup;
			children = (
				C22B8D941C964C8600A4EBD6 /* Base */,
			);
			name = Main.storyboard;
			sourceTree = "<group>";
		};
		C22B8D981C964C8600A4EBD6 /* LaunchScreen.storyboard */ = {
			isa = PBXVariantGroup;
			children = (
				C22B8D991C964C8600A4EBD6 /* Base */,
			);
			name = LaunchScreen.storyboard;
			sourceTree = "<group>";
		};
/* End PBXVariantGroup section */

/* Begin XCBuildConfiguration section */
		C22B8DB21C964C8600A4EBD6 /* Debug */ = {
			isa = XCBuildConfiguration;
			buildSettings = {
				ALWAYS_SEARCH_USER_PATHS = NO;
				CLANG_CXX_LANGUAGE_STANDARD = "gnu++0x";
				CLANG_CXX_LIBRARY = "libc++";
				CLANG_ENABLE_MODULES = YES;
				CLANG_ENABLE_OBJC_ARC = YES;
				CLANG_WARN_BOOL_CONVERSION = YES;
				CLANG_WARN_CONSTANT_CONVERSION = YES;
				CLANG_WARN_DIRECT_OBJC_ISA_USAGE = YES_ERROR;
				CLANG_WARN_EMPTY_BODY = YES;
				CLANG_WARN_ENUM_CONVERSION = YES;
				CLANG_WARN_INT_CONVERSION = YES;
				CLANG_WARN_OBJC_ROOT_CLASS = YES_ERROR;
				CLANG_WARN_UNREACHABLE_CODE = YES;
				CLANG_WARN__DUPLICATE_METHOD_MATCH = YES;
				"CODE_SIGN_IDENTITY[sdk=iphoneos*]" = "iPhone Developer";
				COPY_PHASE_STRIP = NO;
				DEBUG_INFORMATION_FORMAT = dwarf;
				ENABLE_STRICT_OBJC_MSGSEND = YES;
				ENABLE_TESTABILITY = YES;
				GCC_C_LANGUAGE_STANDARD = gnu99;
				GCC_DYNAMIC_NO_PIC = NO;
				GCC_NO_COMMON_BLOCKS = YES;
				GCC_OPTIMIZATION_LEVEL = 0;
				GCC_PREPROCESSOR_DEFINITIONS = (
					"DEBUG=1",
					"$(inherited)",
				);
				GCC_WARN_64_TO_32_BIT_CONVERSION = YES;
				GCC_WARN_ABOUT_RETURN_TYPE = YES_ERROR;
				GCC_WARN_UNDECLARED_SELECTOR = YES;
				GCC_WARN_UNINITIALIZED_AUTOS = YES_AGGRESSIVE;
				GCC_WARN_UNUSED_FUNCTION = YES;
				GCC_WARN_UNUSED_VARIABLE = YES;
				IPHONEOS_DEPLOYMENT_TARGET = 9.2;
				MTL_ENABLE_DEBUG_INFO = YES;
				ONLY_ACTIVE_ARCH = YES;
				SDKROOT = iphoneos;
				TARGETED_DEVICE_FAMILY = "1,2";
			};
			name = Debug;
		};
		C22B8DB31C964C8600A4EBD6 /* Release */ = {
			isa = XCBuildConfiguration;
			buildSettings = {
				ALWAYS_SEARCH_USER_PATHS = NO;
				CLANG_CXX_LANGUAGE_STANDARD = "gnu++0x";
				CLANG_CXX_LIBRARY = "libc++";
				CLANG_ENABLE_MODULES = YES;
				CLANG_ENABLE_OBJC_ARC = YES;
				CLANG_WARN_BOOL_CONVERSION = YES;
				CLANG_WARN_CONSTANT_CONVERSION = YES;
				CLANG_WARN_DIRECT_OBJC_ISA_USAGE = YES_ERROR;
				CLANG_WARN_EMPTY_BODY = YES;
				CLANG_WARN_ENUM_CONVERSION = YES;
				CLANG_WARN_INT_CONVERSION = YES;
				CLANG_WARN_OBJC_ROOT_CLASS = YES_ERROR;
				CLANG_WARN_UNREACHABLE_CODE = YES;
				CLANG_WARN__DUPLICATE_METHOD_MATCH = YES;
				"CODE_SIGN_IDENTITY[sdk=iphoneos*]" = "iPhone Developer";
				COPY_PHASE_STRIP = NO;
				DEBUG_INFORMATION_FORMAT = "dwarf-with-dsym";
				ENABLE_NS_ASSERTIONS = NO;
				ENABLE_STRICT_OBJC_MSGSEND = YES;
				GCC_C_LANGUAGE_STANDARD = gnu99;
				GCC_NO_COMMON_BLOCKS = YES;
				GCC_WARN_64_TO_32_BIT_CONVERSION = YES;
				GCC_WARN_ABOUT_RETURN_TYPE = YES_ERROR;
				GCC_WARN_UNDECLARED_SELECTOR = YES;
				GCC_WARN_UNINITIALIZED_AUTOS = YES_AGGRESSIVE;
				GCC_WARN_UNUSED_FUNCTION = YES;
				GCC_WARN_UNUSED_VARIABLE = YES;
				IPHONEOS_DEPLOYMENT_TARGET = 9.2;
				MTL_ENABLE_DEBUG_INFO = NO;
				SDKROOT = iphoneos;
				TARGETED_DEVICE_FAMILY = "1,2";
				VALIDATE_PRODUCT = YES;
			};
			name = Release;
		};
		C22B8DB51C964C8600A4EBD6 /* Debug */ = {
			isa = XCBuildConfiguration;
			buildSettings = {
				ASSETCATALOG_COMPILER_APPICON_NAME = AppIcon;
				INFOPLIST_FILE = ZSRunTime/Info.plist;
				IPHONEOS_DEPLOYMENT_TARGET = 8.0;
				LD_RUNPATH_SEARCH_PATHS = "$(inherited) @executable_path/Frameworks";
				PRODUCT_BUNDLE_IDENTIFIER = com.alan.Zhang.ZSRunTime;
				PRODUCT_NAME = "$(TARGET_NAME)";
			};
			name = Debug;
		};
		C22B8DB61C964C8600A4EBD6 /* Release */ = {
			isa = XCBuildConfiguration;
			buildSettings = {
				ASSETCATALOG_COMPILER_APPICON_NAME = AppIcon;
				INFOPLIST_FILE = ZSRunTime/Info.plist;
				IPHONEOS_DEPLOYMENT_TARGET = 8.0;
				LD_RUNPATH_SEARCH_PATHS = "$(inherited) @executable_path/Frameworks";
				PRODUCT_BUNDLE_IDENTIFIER = com.alan.Zhang.ZSRunTime;
				PRODUCT_NAME = "$(TARGET_NAME)";
			};
			name = Release;
		};
		C22B8DB81C964C8600A4EBD6 /* Debug */ = {
			isa = XCBuildConfiguration;
			buildSettings = {
				BUNDLE_LOADER = "$(TEST_HOST)";
				INFOPLIST_FILE = ZSRunTimeTests/Info.plist;
				LD_RUNPATH_SEARCH_PATHS = "$(inherited) @executable_path/Frameworks @loader_path/Frameworks";
				PRODUCT_BUNDLE_IDENTIFIER = com.alan.Zhang.ZSRunTimeTests;
				PRODUCT_NAME = "$(TARGET_NAME)";
				TEST_HOST = "$(BUILT_PRODUCTS_DIR)/ZSRunTime.app/ZSRunTime";
			};
			name = Debug;
		};
		C22B8DB91C964C8600A4EBD6 /* Release */ = {
			isa = XCBuildConfiguration;
			buildSettings = {
				BUNDLE_LOADER = "$(TEST_HOST)";
				INFOPLIST_FILE = ZSRunTimeTests/Info.plist;
				LD_RUNPATH_SEARCH_PATHS = "$(inherited) @executable_path/Frameworks @loader_path/Frameworks";
				PRODUCT_BUNDLE_IDENTIFIER = com.alan.Zhang.ZSRunTimeTests;
				PRODUCT_NAME = "$(TARGET_NAME)";
				TEST_HOST = "$(BUILT_PRODUCTS_DIR)/ZSRunTime.app/ZSRunTime";
			};
			name = Release;
		};
		C22B8DBB1C964C8600A4EBD6 /* Debug */ = {
			isa = XCBuildConfiguration;
			buildSettings = {
				INFOPLIST_FILE = ZSRunTimeUITests/Info.plist;
				LD_RUNPATH_SEARCH_PATHS = "$(inherited) @executable_path/Frameworks @loader_path/Frameworks";
				PRODUCT_BUNDLE_IDENTIFIER = com.alan.Zhang.ZSRunTimeUITests;
				PRODUCT_NAME = "$(TARGET_NAME)";
				TEST_TARGET_NAME = ZSRunTime;
				USES_XCTRUNNER = YES;
			};
			name = Debug;
		};
		C22B8DBC1C964C8600A4EBD6 /* Release */ = {
			isa = XCBuildConfiguration;
			buildSettings = {
				INFOPLIST_FILE = ZSRunTimeUITests/Info.plist;
				LD_RUNPATH_SEARCH_PATHS = "$(inherited) @executable_path/Frameworks @loader_path/Frameworks";
				PRODUCT_BUNDLE_IDENTIFIER = com.alan.Zhang.ZSRunTimeUITests;
				PRODUCT_NAME = "$(TARGET_NAME)";
				TEST_TARGET_NAME = ZSRunTime;
				USES_XCTRUNNER = YES;
			};
			name = Release;
		};
/* End XCBuildConfiguration section */

/* Begin XCConfigurationList section */
		C22B8D821C964C8500A4EBD6 /* Build configuration list for PBXProject "ZSRunTime" */ = {
			isa = XCConfigurationList;
			buildConfigurations = (
				C22B8DB21C964C8600A4EBD6 /* Debug */,
				C22B8DB31C964C8600A4EBD6 /* Release */,
			);
			defaultConfigurationIsVisible = 0;
			defaultConfigurationName = Release;
		};
		C22B8DB41C964C8600A4EBD6 /* Build configuration list for PBXNativeTarget "ZSRunTime" */ = {
			isa = XCConfigurationList;
			buildConfigurations = (
				C22B8DB51C964C8600A4EBD6 /* Debug */,
				C22B8DB61C964C8600A4EBD6 /* Release */,
			);
			defaultConfigurationIsVisible = 0;
			defaultConfigurationName = Release;
		};
		C22B8DB71C964C8600A4EBD6 /* Build configuration list for PBXNativeTarget "ZSRunTimeTests" */ = {
			isa = XCConfigurationList;
			buildConfigurations = (
				C22B8DB81C964C8600A4EBD6 /* Debug */,
				C22B8DB91C964C8600A4EBD6 /* Release */,
			);
			defaultConfigurationIsVisible = 0;
			defaultConfigurationName = Release;
		};
		C22B8DBA1C964C8600A4EBD6 /* Build configuration list for PBXNativeTarget "ZSRunTimeUITests" */ = {
			isa = XCConfigurationList;
			buildConfigurations = (
				C22B8DBB1C964C8600A4EBD6 /* Debug */,
				C22B8DBC1C964C8600A4EBD6 /* Release */,
			);
			defaultConfigurationIsVisible = 0;
			defaultConfigurationName = Release;
		};
/* End XCConfigurationList section */
	};
	rootObject = C22B8D7F1C964C8500A4EBD6 /* Project object */;
}
